
Microsoft Visual Studio Solution File, Format Version 12.00
# Visual Studio Version 16
VisualStudioVersion = 16.0.32126.315
MinimumVisualStudioVersion = 10.0.40219.1
Project("{FAE04EC0-301F-11D3-BF4B-00C04F79EFBC}") = "ASeeVROSCServer", "ASeeVROSCServer\ASeeVROSCServer.csproj", "{AEFFC79A-B68E-488E-8816-73B61808BCBB}"
EndProject
Global
	GlobalSection(SolutionConfigurationPlatforms) = preSolution
		Debug|Any CPU = Debug|Any CPU
		Release|Any CPU = Release|Any CPU
	EndGlobalSection
	GlobalSection(ProjectConfigurationPlatforms) = postSolution
		{AEFFC79A-B68E-488E-8816-73B61808BCBB}.Debug|Any CPU.ActiveCfg = Debug|Any CPU
		{AEFFC79A-B68E-488E-8816-73B61808BCBB}.Debug|Any CPU.Build.0 = Debug|Any CPU
		{AEFFC79A-B68E-488E-8816-73B61808BCBB}.Release|Any CPU.ActiveCfg = Release|Any CPU
		{AEFFC79A-B68E-488E-8816-73B61808BCBB}.Release|Any CPU.Build.0 = Release|Any CPU
	EndGlobalSection
	GlobalSection(SolutionProperties) = preSolution
		HideSolutionNode = FALSE
	EndGlobalSection
	GlobalSection(ExtensibilityGlobals) = postSolution
		SolutionGuid = {9DEA25B7-F988-4A51-9876-263C08A844FB}
	EndGlobalSection
EndGlobal
